// !$*UTF8*$!
{
	archiveVersion = 1;
	classes = {
	};
	objectVersion = 46;
	objects = {

/* Begin PBXBuildFile section */
		5A4270B11F4190F200D01B53 /* main.m in Sources */ = {isa = PBXBuildFile; fileRef = 5A4270B01F4190F200D01B53 /* main.m */; };
		5A4270B41F4190F200D01B53 /* AppDelegate.m in Sources */ = {isa = PBXBuildFile; fileRef = 5A4270B31F4190F200D01B53 /* AppDelegate.m */; };
		5A4270B71F4190F200D01B53 /* ViewController.m in Sources */ = {isa = PBXBuildFile; fileRef = 5A4270B61F4190F200D01B53 /* ViewController.m */; };
		5A4270BA1F4190F200D01B53 /* Main.storyboard in Resources */ = {isa = PBXBuildFile; fileRef = 5A4270B81F4190F200D01B53 /* Main.storyboard */; };
		5A4270BC1F4190F200D01B53 /* Assets.xcassets in Resources */ = {isa = PBXBuildFile; fileRef = 5A4270BB1F4190F200D01B53 /* Assets.xcassets */; };
		5A4270BF1F4190F200D01B53 /* LaunchScreen.storyboard in Resources */ = {isa = PBXBuildFile; fileRef = 5A4270BD1F4190F200D01B53 /* LaunchScreen.storyboard */; };
		5A4270C91F41911E00D01B53 /* HFStretchableTableHeaderView.m in Sources */ = {isa = PBXBuildFile; fileRef = 5A4270C81F41911E00D01B53 /* HFStretchableTableHeaderView.m */; };
		5A4270CB1F419C5400D01B53 /* 1.jpg in Resources */ = {isa = PBXBuildFile; fileRef = 5A4270CA1F419C5400D01B53 /* 1.jpg */; };
/* End PBXBuildFile section */

/* Begin PBXFileReference section */
		5A4270AC1F4190F200D01B53 /* tableView.app */ = {isa = PBXFileReference; explicitFileType = wrapper.application; includeInIndex = 0; path = tableView.app; sourceTree = BUILT_PRODUCTS_DIR; };
		5A4270B01F4190F200D01B53 /* main.m */ = {isa = PBXFileReference; lastKnownFileType = sourcecode.c.objc; path = main.m; sourceTree = "<group>"; };
		5A4270B21F4190F200D01B53 /* AppDelegate.h */ = {isa = PBXFileReference; lastKnownFileType = sourcecode.c.h; path = AppDelegate.h; sourceTree = "<group>"; };
		5A4270B31F4190F200D01B53 /* AppDelegate.m */ = {isa = PBXFileReference; lastKnownFileType = sourcecode.c.objc; path = AppDelegate.m; sourceTree = "<group>"; };
		5A4270B51F4190F200D01B53 /* ViewController.h */ = {isa = PBXFileReference; lastKnownFileType = sourcecode.c.h; path = ViewController.h; sourceTree = "<group>"; };
		5A4270B61F4190F200D01B53 /* ViewController.m */ = {isa = PBXFileReference; lastKnownFileType = sourcecode.c.objc; path = ViewController.m; sourceTree = "<group>"; };
		5A4270B91F4190F200D01B53 /* Base */ = {isa = PBXFileReference; lastKnownFileType = file.storyboard; name = Base; path = Base.lproj/Main.storyboard; sourceTree = "<group>"; };
		5A4270BB1F4190F200D01B53 /* Assets.xcassets */ = {isa = PBXFileReference; lastKnownFileType = folder.assetcatalog; path = Assets.xcassets; sourceTree = "<group>"; };
		5A4270BE1F4190F200D01B53 /* Base */ = {isa = PBXFileReference; lastKnownFileType = file.storyboard; name = Base; path = Base.lproj/LaunchScreen.storyboard; sourceTree = "<group>"; };
		5A4270C01F4190F200D01B53 /* Info.plist */ = {isa = PBXFileReference; lastKnownFileType = text.plist.xml; path = Info.plist; sourceTree = "<group>"; };
		5A4270C71F41911E00D01B53 /* HFStretchableTableHeaderView.h */ = {isa = PBXFileReference; fileEncoding = 4; lastKnownFileType = sourcecode.c.h; path = HFStretchableTableHeaderView.h; sourceTree = "<group>"; };
		5A4270C81F41911E00D01B53 /* HFStretchableTableHeaderView.m */ = {isa = PBXFileReference; fileEncoding = 4; lastKnownFileType = sourcecode.c.objc; path = HFStretchableTableHeaderView.m; sourceTree = "<group>"; };
		5A4270CA1F419C5400D01B53 /* 1.jpg */ = {isa = PBXFileReference; lastKnownFileType = image.jpeg; path = 1.jpg; sourceTree = "<group>"; };
/* End PBXFileReference section */

/* Begin PBXFrameworksBuildPhase section */
		5A4270A91F4190F200D01B53 /* Frameworks */ = {
			isa = PBXFrameworksBuildPhase;
			buildActionMask = 2147483647;
			files = (
			);
			runOnlyForDeploymentPostprocessing = 0;
		};
/* End PBXFrameworksBuildPhase section */

/* Begin PBXGroup section */
		5A4270A31F4190F200D01B53 = {
			isa = PBXGroup;
			children = (
				5A4270AE1F4190F200D01B53 /* tableView */,
				5A4270AD1F4190F200D01B53 /* Products */,
			);
			sourceTree = "<group>";
		};
		5A4270AD1F4190F200D01B53 /* Products */ = {
			isa = PBXGroup;
			children = (
				5A4270AC1F4190F200D01B53 /* tableView.app */,
			);
			name = Products;
			sourceTree = "<group>";
		};
		5A4270AE1F4190F200D01B53 /* tableView */ = {
			isa = PBXGroup;
			children = (
				5A4270CA1F419C5400D01B53 /* 1.jpg */,
				5A4270C61F41911E00D01B53 /* stretchTableHeader */,
				5A4270B21F4190F200D01B53 /* AppDelegate.h */,
				5A4270B31F4190F200D01B53 /* AppDelegate.m */,
				5A4270B51F4190F200D01B53 /* ViewController.h */,
				5A4270B61F4190F200D01B53 /* ViewController.m */,
				5A4270B81F4190F200D01B53 /* Main.storyboard */,
				5A4270BB1F4190F200D01B53 /* Assets.xcassets */,
				5A4270BD1F4190F200D01B53 /* LaunchScreen.storyboard */,
				5A4270C01F4190F200D01B53 /* Info.plist */,
				5A4270AF1F4190F200D01B53 /* Supporting Files */,
			);
			path = tableView;
			sourceTree = "<group>";
		};
		5A4270AF1F4190F200D01B53 /* Supporting Files */ = {
			isa = PBXGroup;
			children = (
				5A4270B01F4190F200D01B53 /* main.m */,
			);
			name = "Supporting Files";
			sourceTree = "<group>";
		};
		5A4270C61F41911E00D01B53 /* stretchTableHeader */ = {
			isa = PBXGroup;
			children = (
				5A4270C71F41911E00D01B53 /* HFStretchableTableHeaderView.h */,
				5A4270C81F41911E00D01B53 /* HFStretchableTableHeaderView.m */,
			);
			path = stretchTableHeader;
			sourceTree = "<group>";
		};
/* End PBXGroup section */

/* Begin PBXNativeTarget section */
		5A4270AB1F4190F200D01B53 /* tableView */ = {
			isa = PBXNativeTarget;
			buildConfigurationList = 5A4270C31F4190F200D01B53 /* Build configuration list for PBXNativeTarget "tableView" */;
			buildPhases = (
				5A4270A81F4190F200D01B53 /* Sources */,
				5A4270A91F4190F200D01B53 /* Frameworks */,
				5A4270AA1F4190F200D01B53 /* Resources */,
			);
			buildRules = (
			);
			dependencies = (
			);
			name = tableView;
			productName = tableView;
			productReference = 5A4270AC1F4190F200D01B53 /* tableView.app */;
			productType = "com.apple.product-type.application";
		};
/* End PBXNativeTarget section */

/* Begin PBXProject section */
		5A4270A41F4190F200D01B53 /* Project object */ = {
			isa = PBXProject;
			attributes = {
				LastUpgradeCheck = 0830;
				ORGANIZATIONNAME = bawei;
				TargetAttributes = {
					5A4270AB1F4190F200D01B53 = {
						CreatedOnToolsVersion = 8.3.3;
						ProvisioningStyle = Automatic;
					};
				};
			};
			buildConfigurationList = 5A4270A71F4190F200D01B53 /* Build configuration list for PBXProject "tableView" */;
			compatibilityVersion = "Xcode 3.2";
			developmentRegion = English;
			hasScannedForEncodings = 0;
			knownRegions = (
				en,
				Base,
			);
			mainGroup = 5A4270A31F4190F200D01B53;
			productRefGroup = 5A4270AD1F4190F200D01B53 /* Products */;
			projectDirPath = "";
			projectRoot = "";
			targets = (
				5A4270AB1F4190F200D01B53 /* tableView */,
			);
		};
/* End PBXProject section */

/* Begin PBXResourcesBuildPhase section */
		5A4270AA1F4190F200D01B53 /* Resources */ = {
			isa = PBXResourcesBuildPhase;
			buildActionMask = 2147483647;
			files = (
				5A4270BF1F4190F200D01B53 /* LaunchScreen.storyboard in Resources */,
				5A4270CB1F419C5400D01B53 /* 1.jpg in Resources */,
				5A4270BC1F4190F200D01B53 /* Assets.xcassets in Resources */,
				5A4270BA1F4190F200D01B53 /* Main.storyboard in Resources */,
			);
			runOnlyForDeploymentPostprocessing = 0;
		};
/* End PBXResourcesBuildPhase section */

/* Begin PBXSourcesBuildPhase section */
		5A4270A81F4190F200D01B53 /* Sources */ = {
			isa = PBXSourcesBuildPhase;
			buildActionMask = 2147483647;
			files = (
				5A4270C91F41911E00D01B53 /* HFStretchableTableHeaderView.m in Sources */,
				5A4270B71F4190F200D01B53 /* ViewController.m in Sources */,
				5A4270B41F4190F200D01B53 /* AppDelegate.m in Sources */,
				5A4270B11F4190F200D01B53 /* main.m in Sources */,
			);
			runOnlyForDeploymentPostprocessing = 0;
		};
/* End PBXSourcesBuildPhase section */

/* Begin PBXVariantGroup section */
		5A4270B81F4190F200D01B53 /* Main.storyboard */ = {
			isa = PBXVariantGroup;
			children = (
				5A4270B91F4190F200D01B53 /* Base */,
			);
			name = Main.storyboard;
			sourceTree = "<group>";
		};
		5A4270BD1F4190F200D01B53 /* LaunchScreen.storyboard */ = {
			isa = PBXVariantGroup;
			children = (
				5A4270BE1F4190F200D01B53 /* Base */,
			);
			name = LaunchScreen.storyboard;
			sourceTree = "<group>";
		};
/* End PBXVariantGroup section */

/* Begin XCBuildConfiguration section */
		5A4270C11F4190F200D01B53 /* Debug */ = {
			isa = XCBuildConfiguration;
			buildSettings = {
				ALWAYS_SEARCH_USER_PATHS = NO;
				CLANG_ANALYZER_NONNULL = YES;
				CLANG_ANALYZER_NUMBER_OBJECT_CONVERSION = YES_AGGRESSIVE;
				CLANG_CXX_LANGUAGE_STANDARD = "gnu++0x";
				CLANG_CXX_LIBRARY = "libc++";
				CLANG_ENABLE_MODULES = YES;
				CLANG_ENABLE_OBJC_ARC = YES;
				CLANG_WARN_BOOL_CONVERSION = YES;
				CLANG_WARN_CONSTANT_CONVERSION = YES;
				CLANG_WARN_DIRECT_OBJC_ISA_USAGE = YES_ERROR;
				CLANG_WARN_DOCUMENTATION_COMMENTS = YES;
				CLANG_WARN_EMPTY_BODY = YES;
				CLANG_WARN_ENUM_CONVERSION = YES;
				CLANG_WARN_INFINITE_RECURSION = YES;
				CLANG_WARN_INT_CONVERSION = YES;
				CLANG_WARN_OBJC_ROOT_CLASS = YES_ERROR;
				CLANG_WARN_SUSPICIOUS_MOVE = YES;
				CLANG_WARN_UNREACHABLE_CODE = YES;
				CLANG_WARN__DUPLICATE_METHOD_MATCH = YES;
				"CODE_SIGN_IDENTITY[sdk=iphoneos*]" = "iPhone Developer";
				COPY_PHASE_STRIP = NO;
				DEBUG_INFORMATION_FORMAT = dwarf;
				ENABLE_STRICT_OBJC_MSGSEND = YES;
				ENABLE_TESTABILITY = YES;
				GCC_C_LANGUAGE_STANDARD = gnu99;
				GCC_DYNAMIC_NO_PIC = NO;
				GCC_NO_COMMON_BLOCKS = YES;
				GCC_OPTIMIZATION_LEVEL = 0;
				GCC_PREPROCESSOR_DEFINITIONS = (
					"DEBUG=1",
					"$(inherited)",
				);
				GCC_WARN_64_TO_32_BIT_CONVERSION = YES;
				GCC_WARN_ABOUT_RETURN_TYPE = YES_ERROR;
				GCC_WARN_UNDECLARED_SELECTOR = YES;
				GCC_WARN_UNINITIALIZED_AUTOS = YES_AGGRESSIVE;
				GCC_WARN_UNUSED_FUNCTION = YES;
				GCC_WARN_UNUSED_VARIABLE = YES;
				IPHONEOS_DEPLOYMENT_TARGET = 10.3;
				MTL_ENABLE_DEBUG_INFO = YES;
				ONLY_ACTIVE_ARCH = YES;
				SDKROOT = iphoneos;
			};
			name = Debug;
		};
		5A4270C21F4190F200D01B53 /* Release */ = {
			isa = XCBuildConfiguration;
			buildSettings = {
				ALWAYS_SEARCH_USER_PATHS = NO;
				CLANG_ANALYZER_NONNULL = YES;
				CLANG_ANALYZER_NUMBER_OBJECT_CONVERSION = YES_AGGRESSIVE;
				CLANG_CXX_LANGUAGE_STANDARD = "gnu++0x";
				CLANG_CXX_LIBRARY = "libc++";
				CLANG_ENABLE_MODULES = YES;
				CLANG_ENABLE_OBJC_ARC = YES;
				CLANG_WARN_BOOL_CONVERSION = YES;
				CLANG_WARN_CONSTANT_CONVERSION = YES;
				CLANG_WARN_DIRECT_OBJC_ISA_USAGE = YES_ERROR;
				CLANG_WARN_DOCUMENTATION_COMMENTS = YES;
				CLANG_WARN_EMPTY_BODY = YES;
				CLANG_WARN_ENUM_CONVERSION = YES;
				CLANG_WARN_INFINITE_RECURSION = YES;
				CLANG_WARN_INT_CONVERSION = YES;
				CLANG_WARN_OBJC_ROOT_CLASS = YES_ERROR;
				CLANG_WARN_SUSPICIOUS_MOVE = YES;
				CLANG_WARN_UNREACHABLE_CODE = YES;
				CLANG_WARN__DUPLICATE_METHOD_MATCH = YES;
				"CODE_SIGN_IDENTITY[sdk=iphoneos*]" = "iPhone Developer";
				COPY_PHASE_STRIP = NO;
				DEBUG_INFORMATION_FORMAT = "dwarf-with-dsym";
				ENABLE_NS_ASSERTIONS = NO;
				ENABLE_STRICT_OBJC_MSGSEND = YES;
				GCC_C_LANGUAGE_STANDARD = gnu99;
				GCC_NO_COMMON_BLOCKS = YES;
				GCC_WARN_64_TO_32_BIT_CONVERSION = YES;
				GCC_WARN_ABOUT_RETURN_TYPE = YES_ERROR;
				GCC_WARN_UNDECLARED_SELECTOR = YES;
				GCC_WARN_UNINITIALIZED_AUTOS = YES_AGGRESSIVE;
				GCC_WARN_UNUSED_FUNCTION = YES;
				GCC_WARN_UNUSED_VARIABLE = YES;
				IPHONEOS_DEPLOYMENT_TARGET = 10.3;
				MTL_ENABLE_DEBUG_INFO = NO;
				SDKROOT = iphoneos;
				VALIDATE_PRODUCT = YES;
			};
			name = Release;
		};
		5A4270C41F4190F200D01B53 /* Debug */ = {
			isa = XCBuildConfiguration;
			buildSettings = {
				ASSETCATALOG_COMPILER_APPICON_NAME = AppIcon;
				INFOPLIST_FILE = tableView/Info.plist;
				LD_RUNPATH_SEARCH_PATHS = "$(inherited) @executable_path/Frameworks";
				PRODUCT_BUNDLE_IDENTIFIER = com.xd.tableView;
				PRODUCT_NAME = "$(TARGET_NAME)";
			};
			name = Debug;
		};
		5A4270C51F4190F200D01B53 /* Release */ = {
			isa = XCBuildConfiguration;
			buildSettings = {
				ASSETCATALOG_COMPILER_APPICON_NAME = AppIcon;
				INFOPLIST_FILE = tableView/Info.plist;
				LD_RUNPATH_SEARCH_PATHS = "$(inherited) @executable_path/Frameworks";
				PRODUCT_BUNDLE_IDENTIFIER = com.xd.tableView;
				PRODUCT_NAME = "$(TARGET_NAME)";
			};
			name = Release;
		};
/* End XCBuildConfiguration section */

/* Begin XCConfigurationList section */
		5A4270A71F4190F200D01B53 /* Build configuration list for PBXProject "tableView" */ = {
			isa = XCConfigurationList;
			buildConfigurations = (
				5A4270C11F4190F200D01B53 /* Debug */,
				5A4270C21F4190F200D01B53 /* Release */,
			);
			defaultConfigurationIsVisible = 0;
			defaultConfigurationName = Release;
		};
		5A4270C31F4190F200D01B53 /* Build configuration list for PBXNativeTarget "tableView" */ = {
			isa = XCConfigurationList;
			buildConfigurations = (
				5A4270C41F4190F200D01B53 /* Debug */,
				5A4270C51F4190F200D01B53 /* Release */,
			);
			defaultConfigurationIsVisible = 0;
		};
/* End XCConfigurationList section */
	};
	rootObject = 5A4270A41F4190F200D01B53 /* Project object */;
}
